{
  "name": "tracetidy-har-sanitizer",
  "version": "1.0.0",
  "lockfileVersion": 3,
  "requires": true,
  "packages": {
    "": {
      "name": "tracetidy-har-sanitizer",
      "version": "1.0.0",
      "license": "MIT",
      "bin": {
        "tracetidy": "bin/tracetidy.js"
      },
      "engines": {
        "node": ">=22"
      }
    }
  }
}
